// !$*UTF8*$!
{
	archiveVersion = 1;
	classes = {
	};
	objectVersion = 46;
	objects = {

/* Begin PBXBuildFile section */
		_LinkFileRef_SwiftMD5_via_SwiftMD5Tests /* SwiftMD5.framework in Frameworks */ = {isa = PBXBuildFile; fileRef = "_____Product_SwiftMD5" /* SwiftMD5.framework */; };
		__src_cc_ref_Sources/SwiftMD5.swift /* SwiftMD5.swift in Sources */ = {isa = PBXBuildFile; fileRef = __PBXFileRef_Sources/SwiftMD5.swift /* SwiftMD5.swift */; };
		__src_cc_ref_Tests/SwiftMD5Tests/SwiftMD5Tests.swift /* SwiftMD5Tests.swift in Sources */ = {isa = PBXBuildFile; fileRef = __PBXFileRef_Tests/SwiftMD5Tests/SwiftMD5Tests.swift /* SwiftMD5Tests.swift */; };
/* End PBXBuildFile section */

/* Begin PBXContainerItemProxy section */
		E0AD59D61D91A15D00DC93F0 /* PBXContainerItemProxy */ = {
			isa = PBXContainerItemProxy;
			containerPortal = __RootObject_ /* Project object */;
			proxyType = 1;
			remoteGlobalIDString = "______Target_SwiftMD5";
			remoteInfo = SwiftMD5;
		};
/* End PBXContainerItemProxy section */

/* Begin PBXFileReference section */
		__PBXFileRef_Package.swift /* Package.swift */ = {isa = PBXFileReference; lastKnownFileType = sourcecode.swift; path = Package.swift; sourceTree = "<group>"; };
		__PBXFileRef_Sources/SwiftMD5.swift /* SwiftMD5.swift */ = {isa = PBXFileReference; lastKnownFileType = sourcecode.swift; name = SwiftMD5.swift; path = Sources/SwiftMD5.swift; sourceTree = "<group>"; };
		__PBXFileRef_SwiftMD5.xcodeproj/Configs/Debug.xcconfig /* SwiftMD5.xcodeproj/Configs/Debug.xcconfig */ = {isa = PBXFileReference; lastKnownFileType = text.xcconfig; path = SwiftMD5.xcodeproj/Configs/Debug.xcconfig; sourceTree = "<group>"; };
		__PBXFileRef_SwiftMD5.xcodeproj/Configs/Project.xcconfig /* SwiftMD5.xcodeproj/Configs/Project.xcconfig */ = {isa = PBXFileReference; lastKnownFileType = text.xcconfig; path = SwiftMD5.xcodeproj/Configs/Project.xcconfig; sourceTree = "<group>"; };
		__PBXFileRef_SwiftMD5.xcodeproj/Configs/Release.xcconfig /* SwiftMD5.xcodeproj/Configs/Release.xcconfig */ = {isa = PBXFileReference; lastKnownFileType = text.xcconfig; path = SwiftMD5.xcodeproj/Configs/Release.xcconfig; sourceTree = "<group>"; };
		__PBXFileRef_Tests/SwiftMD5Tests/SwiftMD5Tests.swift /* SwiftMD5Tests.swift */ = {isa = PBXFileReference; lastKnownFileType = sourcecode.swift; name = SwiftMD5Tests.swift; path = Tests/SwiftMD5Tests/SwiftMD5Tests.swift; sourceTree = "<group>"; };
		"_____Product_SwiftMD5" /* SwiftMD5.framework */ = {isa = PBXFileReference; explicitFileType = wrapper.framework; path = SwiftMD5.framework; sourceTree = BUILT_PRODUCTS_DIR; };
		"_____Product_SwiftMD5Tests" /* SwiftMD5Tests.xctest */ = {isa = PBXFileReference; explicitFileType = wrapper.cfbundle; path = SwiftMD5Tests.xctest; sourceTree = BUILT_PRODUCTS_DIR; };
/* End PBXFileReference section */

/* Begin PBXFrameworksBuildPhase section */
		"___LinkPhase_SwiftMD5" /* Frameworks */ = {
			isa = PBXFrameworksBuildPhase;
			buildActionMask = 0;
			files = (
			);
			runOnlyForDeploymentPostprocessing = 0;
		};
		"___LinkPhase_SwiftMD5Tests" /* Frameworks */ = {
			isa = PBXFrameworksBuildPhase;
			buildActionMask = 0;
			files = (
				_LinkFileRef_SwiftMD5_via_SwiftMD5Tests /* SwiftMD5.framework in Frameworks */,
			);
			runOnlyForDeploymentPostprocessing = 0;
		};
/* End PBXFrameworksBuildPhase section */

/* Begin PBXGroup section */
		TestProducts_ /* Tests */ = {
			isa = PBXGroup;
			children = (
				"_____Product_SwiftMD5Tests" /* SwiftMD5Tests.xctest */,
			);
			name = Tests;
			sourceTree = "<group>";
		};
		"___RootGroup_" = {
			isa = PBXGroup;
			children = (
				__PBXFileRef_Package.swift /* Package.swift */,
				"_____Configs_" /* Configs */,
				"_____Sources_" /* Sources */,
				"_______Tests_" /* Tests */,
				"____Products_" /* Products */,
			);
			sourceTree = "<group>";
		};
		"____Products_" /* Products */ = {
			isa = PBXGroup;
			children = (
				TestProducts_ /* Tests */,
				"_____Product_SwiftMD5" /* SwiftMD5.framework */,
			);
			name = Products;
			sourceTree = "<group>";
		};
		"_____Configs_" /* Configs */ = {
			isa = PBXGroup;
			children = (
				__PBXFileRef_SwiftMD5.xcodeproj/Configs/Project.xcconfig /* SwiftMD5.xcodeproj/Configs/Project.xcconfig */,
				__PBXFileRef_SwiftMD5.xcodeproj/Configs/Debug.xcconfig /* SwiftMD5.xcodeproj/Configs/Debug.xcconfig */,
				__PBXFileRef_SwiftMD5.xcodeproj/Configs/Release.xcconfig /* SwiftMD5.xcodeproj/Configs/Release.xcconfig */,
			);
			name = Configs;
			sourceTree = "<group>";
		};
		"_____Sources_" /* Sources */ = {
			isa = PBXGroup;
			children = (
				"_______Group_SwiftMD5" /* SwiftMD5 */,
			);
			name = Sources;
			sourceTree = "<group>";
		};
		"_______Group_SwiftMD5" /* SwiftMD5 */ = {
			isa = PBXGroup;
			children = (
				__PBXFileRef_Sources/SwiftMD5.swift /* SwiftMD5.swift */,
			);
			name = SwiftMD5;
			sourceTree = "<group>";
		};
		"_______Group_SwiftMD5Tests" /* SwiftMD5Tests */ = {
			isa = PBXGroup;
			children = (
				__PBXFileRef_Tests/SwiftMD5Tests/SwiftMD5Tests.swift /* SwiftMD5Tests.swift */,
			);
			name = SwiftMD5Tests;
			sourceTree = "<group>";
		};
		"_______Tests_" /* Tests */ = {
			isa = PBXGroup;
			children = (
				"_______Group_SwiftMD5Tests" /* SwiftMD5Tests */,
			);
			name = Tests;
			sourceTree = "<group>";
		};
/* End PBXGroup section */

/* Begin PBXNativeTarget section */
		"______Target_SwiftMD5" /* SwiftMD5 */ = {
			isa = PBXNativeTarget;
			buildConfigurationList = "_______Confs_SwiftMD5" /* Build configuration list for PBXNativeTarget "SwiftMD5" */;
			buildPhases = (
				CompilePhase_SwiftMD5 /* Sources */,
				"___LinkPhase_SwiftMD5" /* Frameworks */,
			);
			buildRules = (
			);
			dependencies = (
			);
			name = SwiftMD5;
			productName = SwiftMD5;
			productReference = "_____Product_SwiftMD5" /* SwiftMD5.framework */;
			productType = "com.apple.product-type.framework";
		};
		"______Target_SwiftMD5Tests" /* SwiftMD5Tests */ = {
			isa = PBXNativeTarget;
			buildConfigurationList = "_______Confs_SwiftMD5Tests" /* Build configuration list for PBXNativeTarget "SwiftMD5Tests" */;
			buildPhases = (
				CompilePhase_SwiftMD5Tests /* Sources */,
				"___LinkPhase_SwiftMD5Tests" /* Frameworks */,
			);
			buildRules = (
			);
			dependencies = (
				__Dependency_SwiftMD5 /* PBXTargetDependency */,
			);
			name = SwiftMD5Tests;
			productName = SwiftMD5Tests;
			productReference = "_____Product_SwiftMD5Tests" /* SwiftMD5Tests.xctest */;
			productType = "com.apple.product-type.bundle.unit-test";
		};
/* End PBXNativeTarget section */

/* Begin PBXProject section */
		__RootObject_ /* Project object */ = {
			isa = PBXProject;
			attributes = {
				LastUpgradeCheck = 9999;
				TargetAttributes = {
					"______Target_SwiftMD5" = {
						LastSwiftMigration = 0800;
					};
					"______Target_SwiftMD5Tests" = {
						LastSwiftMigration = 0800;
					};
				};
			};
			buildConfigurationList = "___RootConfs_" /* Build configuration list for PBXProject "SwiftMD5" */;
			compatibilityVersion = "Xcode 3.2";
			developmentRegion = English;
			hasScannedForEncodings = 0;
			knownRegions = (
				en,
			);
			mainGroup = "___RootGroup_";
			productRefGroup = "____Products_" /* Products */;
			projectDirPath = "";
			projectRoot = "";
			targets = (
				"______Target_SwiftMD5" /* SwiftMD5 */,
				"______Target_SwiftMD5Tests" /* SwiftMD5Tests */,
			);
		};
/* End PBXProject section */

/* Begin PBXSourcesBuildPhase section */
		CompilePhase_SwiftMD5 /* Sources */ = {
			isa = PBXSourcesBuildPhase;
			buildActionMask = 0;
			files = (
				__src_cc_ref_Sources/SwiftMD5.swift /* SwiftMD5.swift in Sources */,
			);
			runOnlyForDeploymentPostprocessing = 0;
		};
		CompilePhase_SwiftMD5Tests /* Sources */ = {
			isa = PBXSourcesBuildPhase;
			buildActionMask = 0;
			files = (
				__src_cc_ref_Tests/SwiftMD5Tests/SwiftMD5Tests.swift /* SwiftMD5Tests.swift in Sources */,
			);
			runOnlyForDeploymentPostprocessing = 0;
		};
/* End PBXSourcesBuildPhase section */

/* Begin PBXTargetDependency section */
		__Dependency_SwiftMD5 /* PBXTargetDependency */ = {
			isa = PBXTargetDependency;
			target = "______Target_SwiftMD5" /* SwiftMD5 */;
			targetProxy = E0AD59D61D91A15D00DC93F0 /* PBXContainerItemProxy */;
		};
/* End PBXTargetDependency section */

/* Begin XCBuildConfiguration section */
		_ReleaseConf_SwiftMD5 /* Release */ = {
			isa = XCBuildConfiguration;
			buildSettings = {
				ENABLE_TESTABILITY = YES;
				FRAMEWORK_SEARCH_PATHS = "$(PLATFORM_DIR)/Developer/Library/Frameworks";
				INFOPLIST_FILE = SwiftMD5.xcodeproj/SwiftMD5_Info.plist;
				LD_RUNPATH_SEARCH_PATHS = "\"$(TOOLCHAIN_DIR)/usr/lib/swift/macosx\"";
				LIBRARY_SEARCH_PATHS = "\"$(PROJECT_TEMP_DIR)/SymlinkLibs/\"";
				OTHER_LDFLAGS = "\"$(inherited)\"";
				OTHER_SWIFT_FLAGS = "\"$(inherited)\"";
				PRODUCT_BUNDLE_IDENTIFIER = SwiftMD5;
				PRODUCT_MODULE_NAME = "$(TARGET_NAME:c99extidentifier)";
				PRODUCT_NAME = "$(TARGET_NAME:c99extidentifier)";
				SWIFT_ACTIVE_COMPILATION_CONDITIONS = SWIFT_PACKAGE;
				SWIFT_VERSION = 3.0;
			};
			name = Release;
		};
		_ReleaseConf_SwiftMD5Tests /* Release */ = {
			isa = XCBuildConfiguration;
			buildSettings = {
				EMBEDDED_CONTENT_CONTAINS_SWIFT = YES;
				FRAMEWORK_SEARCH_PATHS = "$(PLATFORM_DIR)/Developer/Library/Frameworks";
				INFOPLIST_FILE = SwiftMD5.xcodeproj/SwiftMD5Tests_Info.plist;
				LD_RUNPATH_SEARCH_PATHS = "@loader_path/../Frameworks";
				LIBRARY_SEARCH_PATHS = "\"$(PROJECT_TEMP_DIR)/SymlinkLibs/\"";
				OTHER_LDFLAGS = "\"$(inherited)\"";
				OTHER_SWIFT_FLAGS = "\"$(inherited)\"";
				SWIFT_ACTIVE_COMPILATION_CONDITIONS = SWIFT_PACKAGE;
				SWIFT_VERSION = 3.0;
			};
			name = Release;
		};
		"___DebugConf_SwiftMD5" /* Debug */ = {
			isa = XCBuildConfiguration;
			buildSettings = {
				ENABLE_TESTABILITY = YES;
				FRAMEWORK_SEARCH_PATHS = "$(PLATFORM_DIR)/Developer/Library/Frameworks";
				INFOPLIST_FILE = SwiftMD5.xcodeproj/SwiftMD5_Info.plist;
				LD_RUNPATH_SEARCH_PATHS = "\"$(TOOLCHAIN_DIR)/usr/lib/swift/macosx\"";
				LIBRARY_SEARCH_PATHS = "\"$(PROJECT_TEMP_DIR)/SymlinkLibs/\"";
				OTHER_LDFLAGS = "\"$(inherited)\"";
				OTHER_SWIFT_FLAGS = "\"$(inherited)\"";
				PRODUCT_BUNDLE_IDENTIFIER = SwiftMD5;
				PRODUCT_MODULE_NAME = "$(TARGET_NAME:c99extidentifier)";
				PRODUCT_NAME = "$(TARGET_NAME:c99extidentifier)";
				SWIFT_ACTIVE_COMPILATION_CONDITIONS = SWIFT_PACKAGE;
				SWIFT_VERSION = 3.0;
			};
			name = Debug;
		};
		"___DebugConf_SwiftMD5Tests" /* Debug */ = {
			isa = XCBuildConfiguration;
			buildSettings = {
				EMBEDDED_CONTENT_CONTAINS_SWIFT = YES;
				FRAMEWORK_SEARCH_PATHS = "$(PLATFORM_DIR)/Developer/Library/Frameworks";
				INFOPLIST_FILE = SwiftMD5.xcodeproj/SwiftMD5Tests_Info.plist;
				LD_RUNPATH_SEARCH_PATHS = "@loader_path/../Frameworks";
				LIBRARY_SEARCH_PATHS = "\"$(PROJECT_TEMP_DIR)/SymlinkLibs/\"";
				OTHER_LDFLAGS = "\"$(inherited)\"";
				OTHER_SWIFT_FLAGS = "\"$(inherited)\"";
				SWIFT_ACTIVE_COMPILATION_CONDITIONS = SWIFT_PACKAGE;
				SWIFT_VERSION = 3.0;
			};
			name = Debug;
		};
		"_____Release_" /* Release */ = {
			isa = XCBuildConfiguration;
			baseConfigurationReference = __PBXFileRef_SwiftMD5.xcodeproj/Configs/Release.xcconfig /* SwiftMD5.xcodeproj/Configs/Release.xcconfig */;
			buildSettings = {
			};
			name = Release;
		};
		"_______Debug_" /* Debug */ = {
			isa = XCBuildConfiguration;
			baseConfigurationReference = __PBXFileRef_SwiftMD5.xcodeproj/Configs/Debug.xcconfig /* SwiftMD5.xcodeproj/Configs/Debug.xcconfig */;
			buildSettings = {
			};
			name = Debug;
		};
/* End XCBuildConfiguration section */

/* Begin XCConfigurationList section */
		"___RootConfs_" /* Build configuration list for PBXProject "SwiftMD5" */ = {
			isa = XCConfigurationList;
			buildConfigurations = (
				"_______Debug_" /* Debug */,
				"_____Release_" /* Release */,
			);
			defaultConfigurationIsVisible = 0;
			defaultConfigurationName = Debug;
		};
		"_______Confs_SwiftMD5" /* Build configuration list for PBXNativeTarget "SwiftMD5" */ = {
			isa = XCConfigurationList;
			buildConfigurations = (
				"___DebugConf_SwiftMD5" /* Debug */,
				_ReleaseConf_SwiftMD5 /* Release */,
			);
			defaultConfigurationIsVisible = 0;
			defaultConfigurationName = Debug;
		};
		"_______Confs_SwiftMD5Tests" /* Build configuration list for PBXNativeTarget "SwiftMD5Tests" */ = {
			isa = XCConfigurationList;
			buildConfigurations = (
				"___DebugConf_SwiftMD5Tests" /* Debug */,
				_ReleaseConf_SwiftMD5Tests /* Release */,
			);
			defaultConfigurationIsVisible = 0;
			defaultConfigurationName = Debug;
		};
/* End XCConfigurationList section */
	};
	rootObject = __RootObject_ /* Project object */;
}
